
Microsoft Visual Studio Solution File, Format Version 12.00
# Visual Studio Express 2012 for Windows Desktop
Project("{FAE04EC0-301F-11D3-BF4B-00C04F79EFBC}") = "Terrerieh - Culminating", "Terrerieh - Culminating.csproj", "{047EF9FD-1C7B-47C1-AB0F-78FAE2EEA660}"
EndProject
Global
	GlobalSection(TeamFoundationVersionControl) = preSolution
		SccNumberOfProjects = 1
		SccEnterpriseProvider = {4CA58AB2-18FA-4F8D-95D4-32DDF27D184C}
		SccTeamFoundationServer = https://alexvarney.visualstudio.com/defaultcollection
		SccProjectUniqueName0 = Terrerieh\u0020-\u0020Culminating.csproj
		SccProjectName0 = .
		SccAuxPath0 = https://alexvarney.visualstudio.com/defaultcollection
		SccLocalPath0 = .
		SccProvider0 = {4CA58AB2-18FA-4F8D-95D4-32DDF27D184C}
	EndGlobalSection
	GlobalSection(SolutionConfigurationPlatforms) = preSolution
		Debug|Any CPU = Debug|Any CPU
		Release|Any CPU = Release|Any CPU
	EndGlobalSection
	GlobalSection(ProjectConfigurationPlatforms) = postSolution
		{047EF9FD-1C7B-47C1-AB0F-78FAE2EEA660}.Debug|Any CPU.ActiveCfg = Debug|Any CPU
		{047EF9FD-1C7B-47C1-AB0F-78FAE2EEA660}.Debug|Any CPU.Build.0 = Debug|Any CPU
		{047EF9FD-1C7B-47C1-AB0F-78FAE2EEA660}.Release|Any CPU.ActiveCfg = Release|Any CPU
		{047EF9FD-1C7B-47C1-AB0F-78FAE2EEA660}.Release|Any CPU.Build.0 = Release|Any CPU
	EndGlobalSection
	GlobalSection(SolutionProperties) = preSolution
		HideSolutionNode = FALSE
	EndGlobalSection
EndGlobal
